// !$*UTF8*$!
{
	archiveVersion = 1;
	classes = {
	};
	objectVersion = 46;
	objects = {

/* Begin PBXBuildFile section */
		D38B3BD21BBAAC0700F9C87C /* AppDelegate.swift in Sources */ = {isa = PBXBuildFile; fileRef = D38B3BD11BBAAC0700F9C87C /* AppDelegate.swift */; };
		D38B3BD41BBAAC0700F9C87C /* ViewController.swift in Sources */ = {isa = PBXBuildFile; fileRef = D38B3BD31BBAAC0700F9C87C /* ViewController.swift */; };
		D38B3BD71BBAAC0700F9C87C /* Main.storyboard in Resources */ = {isa = PBXBuildFile; fileRef = D38B3BD51BBAAC0700F9C87C /* Main.storyboard */; };
		D38B3BDA1BBAAC0700F9C87C /* CryptoSwitfDemo.xcdatamodeld in Sources */ = {isa = PBXBuildFile; fileRef = D38B3BD81BBAAC0700F9C87C /* CryptoSwitfDemo.xcdatamodeld */; };
		D38B3BDC1BBAAC0700F9C87C /* Assets.xcassets in Resources */ = {isa = PBXBuildFile; fileRef = D38B3BDB1BBAAC0700F9C87C /* Assets.xcassets */; };
		D38B3BDF1BBAAC0700F9C87C /* LaunchScreen.storyboard in Resources */ = {isa = PBXBuildFile; fileRef = D38B3BDD1BBAAC0700F9C87C /* LaunchScreen.storyboard */; };
		D38B3BEA1BBAAC0800F9C87C /* CryptoSwitfDemoTests.swift in Sources */ = {isa = PBXBuildFile; fileRef = D38B3BE91BBAAC0800F9C87C /* CryptoSwitfDemoTests.swift */; };
		D38B3BF51BBAAC0800F9C87C /* CryptoSwitfDemoUITests.swift in Sources */ = {isa = PBXBuildFile; fileRef = D38B3BF41BBAAC0800F9C87C /* CryptoSwitfDemoUITests.swift */; };
/* End PBXBuildFile section */

/* Begin PBXContainerItemProxy section */
		D38B3BE61BBAAC0800F9C87C /* PBXContainerItemProxy */ = {
			isa = PBXContainerItemProxy;
			containerPortal = D38B3BC61BBAAC0700F9C87C /* Project object */;
			proxyType = 1;
			remoteGlobalIDString = D38B3BCD1BBAAC0700F9C87C;
			remoteInfo = CryptoSwitfDemo;
		};
		D38B3BF11BBAAC0800F9C87C /* PBXContainerItemProxy */ = {
			isa = PBXContainerItemProxy;
			containerPortal = D38B3BC61BBAAC0700F9C87C /* Project object */;
			proxyType = 1;
			remoteGlobalIDString = D38B3BCD1BBAAC0700F9C87C;
			remoteInfo = CryptoSwitfDemo;
		};
/* End PBXContainerItemProxy section */

/* Begin PBXFileReference section */
		D38B3BCE1BBAAC0700F9C87C /* CryptoSwitfDemo.app */ = {isa = PBXFileReference; explicitFileType = wrapper.application; includeInIndex = 0; path = CryptoSwitfDemo.app; sourceTree = BUILT_PRODUCTS_DIR; };
		D38B3BD11BBAAC0700F9C87C /* AppDelegate.swift */ = {isa = PBXFileReference; lastKnownFileType = sourcecode.swift; path = AppDelegate.swift; sourceTree = "<group>"; };
		D38B3BD31BBAAC0700F9C87C /* ViewController.swift */ = {isa = PBXFileReference; lastKnownFileType = sourcecode.swift; path = ViewController.swift; sourceTree = "<group>"; };
		D38B3BD61BBAAC0700F9C87C /* Base */ = {isa = PBXFileReference; lastKnownFileType = file.storyboard; name = Base; path = Base.lproj/Main.storyboard; sourceTree = "<group>"; };
		D38B3BD91BBAAC0700F9C87C /* CryptoSwitfDemo.xcdatamodel */ = {isa = PBXFileReference; lastKnownFileType = wrapper.xcdatamodel; path = CryptoSwitfDemo.xcdatamodel; sourceTree = "<group>"; };
		D38B3BDB1BBAAC0700F9C87C /* Assets.xcassets */ = {isa = PBXFileReference; lastKnownFileType = folder.assetcatalog; path = Assets.xcassets; sourceTree = "<group>"; };
		D38B3BDE1BBAAC0700F9C87C /* Base */ = {isa = PBXFileReference; lastKnownFileType = file.storyboard; name = Base; path = Base.lproj/LaunchScreen.storyboard; sourceTree = "<group>"; };
		D38B3BE01BBAAC0700F9C87C /* Info.plist */ = {isa = PBXFileReference; lastKnownFileType = text.plist.xml; path = Info.plist; sourceTree = "<group>"; };
		D38B3BE51BBAAC0800F9C87C /* CryptoSwitfDemoTests.xctest */ = {isa = PBXFileReference; explicitFileType = wrapper.cfbundle; includeInIndex = 0; path = CryptoSwitfDemoTests.xctest; sourceTree = BUILT_PRODUCTS_DIR; };
		D38B3BE91BBAAC0800F9C87C /* CryptoSwitfDemoTests.swift */ = {isa = PBXFileReference; lastKnownFileType = sourcecode.swift; path = CryptoSwitfDemoTests.swift; sourceTree = "<group>"; };
		D38B3BEB1BBAAC0800F9C87C /* Info.plist */ = {isa = PBXFileReference; lastKnownFileType = text.plist.xml; path = Info.plist; sourceTree = "<group>"; };
		D38B3BF01BBAAC0800F9C87C /* CryptoSwitfDemoUITests.xctest */ = {isa = PBXFileReference; explicitFileType = wrapper.cfbundle; includeInIndex = 0; path = CryptoSwitfDemoUITests.xctest; sourceTree = BUILT_PRODUCTS_DIR; };
		D38B3BF41BBAAC0800F9C87C /* CryptoSwitfDemoUITests.swift */ = {isa = PBXFileReference; lastKnownFileType = sourcecode.swift; path = CryptoSwitfDemoUITests.swift; sourceTree = "<group>"; };
		D38B3BF61BBAAC0800F9C87C /* Info.plist */ = {isa = PBXFileReference; lastKnownFileType = text.plist.xml; path = Info.plist; sourceTree = "<group>"; };
/* End PBXFileReference section */

/* Begin PBXFrameworksBuildPhase section */
		D38B3BCB1BBAAC0700F9C87C /* Frameworks */ = {
			isa = PBXFrameworksBuildPhase;
			buildActionMask = 2147483647;
			files = (
			);
			runOnlyForDeploymentPostprocessing = 0;
		};
		D38B3BE21BBAAC0800F9C87C /* Frameworks */ = {
			isa = PBXFrameworksBuildPhase;
			buildActionMask = 2147483647;
			files = (
			);
			runOnlyForDeploymentPostprocessing = 0;
		};
		D38B3BED1BBAAC0800F9C87C /* Frameworks */ = {
			isa = PBXFrameworksBuildPhase;
			buildActionMask = 2147483647;
			files = (
			);
			runOnlyForDeploymentPostprocessing = 0;
		};
/* End PBXFrameworksBuildPhase section */

/* Begin PBXGroup section */
		D38B3BC51BBAAC0700F9C87C = {
			isa = PBXGroup;
			children = (
				D38B3BD01BBAAC0700F9C87C /* CryptoSwitfDemo */,
				D38B3BE81BBAAC0800F9C87C /* CryptoSwitfDemoTests */,
				D38B3BF31BBAAC0800F9C87C /* CryptoSwitfDemoUITests */,
				D38B3BCF1BBAAC0700F9C87C /* Products */,
			);
			sourceTree = "<group>";
		};
		D38B3BCF1BBAAC0700F9C87C /* Products */ = {
			isa = PBXGroup;
			children = (
				D38B3BCE1BBAAC0700F9C87C /* CryptoSwitfDemo.app */,
				D38B3BE51BBAAC0800F9C87C /* CryptoSwitfDemoTests.xctest */,
				D38B3BF01BBAAC0800F9C87C /* CryptoSwitfDemoUITests.xctest */,
			);
			name = Products;
			sourceTree = "<group>";
		};
		D38B3BD01BBAAC0700F9C87C /* CryptoSwitfDemo */ = {
			isa = PBXGroup;
			children = (
				D38B3BD11BBAAC0700F9C87C /* AppDelegate.swift */,
				D38B3BD31BBAAC0700F9C87C /* ViewController.swift */,
				D38B3BD51BBAAC0700F9C87C /* Main.storyboard */,
				D38B3BDB1BBAAC0700F9C87C /* Assets.xcassets */,
				D38B3BDD1BBAAC0700F9C87C /* LaunchScreen.storyboard */,
				D38B3BE01BBAAC0700F9C87C /* Info.plist */,
				D38B3BD81BBAAC0700F9C87C /* CryptoSwitfDemo.xcdatamodeld */,
			);
			path = CryptoSwitfDemo;
			sourceTree = "<group>";
		};
		D38B3BE81BBAAC0800F9C87C /* CryptoSwitfDemoTests */ = {
			isa = PBXGroup;
			children = (
				D38B3BE91BBAAC0800F9C87C /* CryptoSwitfDemoTests.swift */,
				D38B3BEB1BBAAC0800F9C87C /* Info.plist */,
			);
			path = CryptoSwitfDemoTests;
			sourceTree = "<group>";
		};
		D38B3BF31BBAAC0800F9C87C /* CryptoSwitfDemoUITests */ = {
			isa = PBXGroup;
			children = (
				D38B3BF41BBAAC0800F9C87C /* CryptoSwitfDemoUITests.swift */,
				D38B3BF61BBAAC0800F9C87C /* Info.plist */,
			);
			path = CryptoSwitfDemoUITests;
			sourceTree = "<group>";
		};
/* End PBXGroup section */

/* Begin PBXNativeTarget section */
		D38B3BCD1BBAAC0700F9C87C /* CryptoSwitfDemo */ = {
			isa = PBXNativeTarget;
			buildConfigurationList = D38B3BF91BBAAC0800F9C87C /* Build configuration list for PBXNativeTarget "CryptoSwitfDemo" */;
			buildPhases = (
				D38B3BCA1BBAAC0700F9C87C /* Sources */,
				D38B3BCB1BBAAC0700F9C87C /* Frameworks */,
				D38B3BCC1BBAAC0700F9C87C /* Resources */,
			);
			buildRules = (
			);
			dependencies = (
			);
			name = CryptoSwitfDemo;
			productName = CryptoSwitfDemo;
			productReference = D38B3BCE1BBAAC0700F9C87C /* CryptoSwitfDemo.app */;
			productType = "com.apple.product-type.application";
		};
		D38B3BE41BBAAC0800F9C87C /* CryptoSwitfDemoTests */ = {
			isa = PBXNativeTarget;
			buildConfigurationList = D38B3BFC1BBAAC0800F9C87C /* Build configuration list for PBXNativeTarget "CryptoSwitfDemoTests" */;
			buildPhases = (
				D38B3BE11BBAAC0800F9C87C /* Sources */,
				D38B3BE21BBAAC0800F9C87C /* Frameworks */,
				D38B3BE31BBAAC0800F9C87C /* Resources */,
			);
			buildRules = (
			);
			dependencies = (
				D38B3BE71BBAAC0800F9C87C /* PBXTargetDependency */,
			);
			name = CryptoSwitfDemoTests;
			productName = CryptoSwitfDemoTests;
			productReference = D38B3BE51BBAAC0800F9C87C /* CryptoSwitfDemoTests.xctest */;
			productType = "com.apple.product-type.bundle.unit-test";
		};
		D38B3BEF1BBAAC0800F9C87C /* CryptoSwitfDemoUITests */ = {
			isa = PBXNativeTarget;
			buildConfigurationList = D38B3BFF1BBAAC0800F9C87C /* Build configuration list for PBXNativeTarget "CryptoSwitfDemoUITests" */;
			buildPhases = (
				D38B3BEC1BBAAC0800F9C87C /* Sources */,
				D38B3BED1BBAAC0800F9C87C /* Frameworks */,
				D38B3BEE1BBAAC0800F9C87C /* Resources */,
			);
			buildRules = (
			);
			dependencies = (
				D38B3BF21BBAAC0800F9C87C /* PBXTargetDependency */,
			);
			name = CryptoSwitfDemoUITests;
			productName = CryptoSwitfDemoUITests;
			productReference = D38B3BF01BBAAC0800F9C87C /* CryptoSwitfDemoUITests.xctest */;
			productType = "com.apple.product-type.bundle.ui-testing";
		};
/* End PBXNativeTarget section */

/* Begin PBXProject section */
		D38B3BC61BBAAC0700F9C87C /* Project object */ = {
			isa = PBXProject;
			attributes = {
				LastUpgradeCheck = 0700;
				ORGANIZATIONNAME = "Marko Budal";
				TargetAttributes = {
					D38B3BCD1BBAAC0700F9C87C = {
						CreatedOnToolsVersion = 7.0;
					};
					D38B3BE41BBAAC0800F9C87C = {
						CreatedOnToolsVersion = 7.0;
						TestTargetID = D38B3BCD1BBAAC0700F9C87C;
					};
					D38B3BEF1BBAAC0800F9C87C = {
						CreatedOnToolsVersion = 7.0;
						TestTargetID = D38B3BCD1BBAAC0700F9C87C;
					};
				};
			};
			buildConfigurationList = D38B3BC91BBAAC0700F9C87C /* Build configuration list for PBXProject "CryptoSwitfDemo" */;
			compatibilityVersion = "Xcode 3.2";
			developmentRegion = English;
			hasScannedForEncodings = 0;
			knownRegions = (
				en,
				Base,
			);
			mainGroup = D38B3BC51BBAAC0700F9C87C;
			productRefGroup = D38B3BCF1BBAAC0700F9C87C /* Products */;
			projectDirPath = "";
			projectRoot = "";
			targets = (
				D38B3BCD1BBAAC0700F9C87C /* CryptoSwitfDemo */,
				D38B3BE41BBAAC0800F9C87C /* CryptoSwitfDemoTests */,
				D38B3BEF1BBAAC0800F9C87C /* CryptoSwitfDemoUITests */,
			);
		};
/* End PBXProject section */

/* Begin PBXResourcesBuildPhase section */
		D38B3BCC1BBAAC0700F9C87C /* Resources */ = {
			isa = PBXResourcesBuildPhase;
			buildActionMask = 2147483647;
			files = (
				D38B3BDF1BBAAC0700F9C87C /* LaunchScreen.storyboard in Resources */,
				D38B3BDC1BBAAC0700F9C87C /* Assets.xcassets in Resources */,
				D38B3BD71BBAAC0700F9C87C /* Main.storyboard in Resources */,
			);
			runOnlyForDeploymentPostprocessing = 0;
		};
		D38B3BE31BBAAC0800F9C87C /* Resources */ = {
			isa = PBXResourcesBuildPhase;
			buildActionMask = 2147483647;
			files = (
			);
			runOnlyForDeploymentPostprocessing = 0;
		};
		D38B3BEE1BBAAC0800F9C87C /* Resources */ = {
			isa = PBXResourcesBuildPhase;
			buildActionMask = 2147483647;
			files = (
			);
			runOnlyForDeploymentPostprocessing = 0;
		};
/* End PBXResourcesBuildPhase section */

/* Begin PBXSourcesBuildPhase section */
		D38B3BCA1BBAAC0700F9C87C /* Sources */ = {
			isa = PBXSourcesBuildPhase;
			buildActionMask = 2147483647;
			files = (
				D38B3BD41BBAAC0700F9C87C /* ViewController.swift in Sources */,
				D38B3BDA1BBAAC0700F9C87C /* CryptoSwitfDemo.xcdatamodeld in Sources */,
				D38B3BD21BBAAC0700F9C87C /* AppDelegate.swift in Sources */,
			);
			runOnlyForDeploymentPostprocessing = 0;
		};
		D38B3BE11BBAAC0800F9C87C /* Sources */ = {
			isa = PBXSourcesBuildPhase;
			buildActionMask = 2147483647;
			files = (
				D38B3BEA1BBAAC0800F9C87C /* CryptoSwitfDemoTests.swift in Sources */,
			);
			runOnlyForDeploymentPostprocessing = 0;
		};
		D38B3BEC1BBAAC0800F9C87C /* Sources */ = {
			isa = PBXSourcesBuildPhase;
			buildActionMask = 2147483647;
			files = (
				D38B3BF51BBAAC0800F9C87C /* CryptoSwitfDemoUITests.swift in Sources */,
			);
			runOnlyForDeploymentPostprocessing = 0;
		};
/* End PBXSourcesBuildPhase section */

/* Begin PBXTargetDependency section */
		D38B3BE71BBAAC0800F9C87C /* PBXTargetDependency */ = {
			isa = PBXTargetDependency;
			target = D38B3BCD1BBAAC0700F9C87C /* CryptoSwitfDemo */;
			targetProxy = D38B3BE61BBAAC0800F9C87C /* PBXContainerItemProxy */;
		};
		D38B3BF21BBAAC0800F9C87C /* PBXTargetDependency */ = {
			isa = PBXTargetDependency;
			target = D38B3BCD1BBAAC0700F9C87C /* CryptoSwitfDemo */;
			targetProxy = D38B3BF11BBAAC0800F9C87C /* PBXContainerItemProxy */;
		};
/* End PBXTargetDependency section */

/* Begin PBXVariantGroup section */
		D38B3BD51BBAAC0700F9C87C /* Main.storyboard */ = {
			isa = PBXVariantGroup;
			children = (
				D38B3BD61BBAAC0700F9C87C /* Base */,
			);
			name = Main.storyboard;
			sourceTree = "<group>";
		};
		D38B3BDD1BBAAC0700F9C87C /* LaunchScreen.storyboard */ = {
			isa = PBXVariantGroup;
			children = (
				D38B3BDE1BBAAC0700F9C87C /* Base */,
			);
			name = LaunchScreen.storyboard;
			sourceTree = "<group>";
		};
/* End PBXVariantGroup section */

/* Begin XCBuildConfiguration section */
		D38B3BF71BBAAC0800F9C87C /* Debug */ = {
			isa = XCBuildConfiguration;
			buildSettings = {
				ALWAYS_SEARCH_USER_PATHS = NO;
				CLANG_CXX_LANGUAGE_STANDARD = "gnu++0x";
				CLANG_CXX_LIBRARY = "libc++";
				CLANG_ENABLE_MODULES = YES;
				CLANG_ENABLE_OBJC_ARC = YES;
				CLANG_WARN_BOOL_CONVERSION = YES;
				CLANG_WARN_CONSTANT_CONVERSION = YES;
				CLANG_WARN_DIRECT_OBJC_ISA_USAGE = YES_ERROR;
				CLANG_WARN_EMPTY_BODY = YES;
				CLANG_WARN_ENUM_CONVERSION = YES;
				CLANG_WARN_INT_CONVERSION = YES;
				CLANG_WARN_OBJC_ROOT_CLASS = YES_ERROR;
				CLANG_WARN_UNREACHABLE_CODE = YES;
				CLANG_WARN__DUPLICATE_METHOD_MATCH = YES;
				"CODE_SIGN_IDENTITY[sdk=iphoneos*]" = "iPhone Developer";
				COPY_PHASE_STRIP = NO;
				DEBUG_INFORMATION_FORMAT = dwarf;
				ENABLE_STRICT_OBJC_MSGSEND = YES;
				ENABLE_TESTABILITY = YES;
				GCC_C_LANGUAGE_STANDARD = gnu99;
				GCC_DYNAMIC_NO_PIC = NO;
				GCC_NO_COMMON_BLOCKS = YES;
				GCC_OPTIMIZATION_LEVEL = 0;
				GCC_PREPROCESSOR_DEFINITIONS = (
					"DEBUG=1",
					"$(inherited)",
				);
				GCC_WARN_64_TO_32_BIT_CONVERSION = YES;
				GCC_WARN_ABOUT_RETURN_TYPE = YES_ERROR;
				GCC_WARN_UNDECLARED_SELECTOR = YES;
				GCC_WARN_UNINITIALIZED_AUTOS = YES_AGGRESSIVE;
				GCC_WARN_UNUSED_FUNCTION = YES;
				GCC_WARN_UNUSED_VARIABLE = YES;
				IPHONEOS_DEPLOYMENT_TARGET = 9.0;
				MTL_ENABLE_DEBUG_INFO = YES;
				ONLY_ACTIVE_ARCH = YES;
				SDKROOT = iphoneos;
				SWIFT_OPTIMIZATION_LEVEL = "-Onone";
			};
			name = Debug;
		};
		D38B3BF81BBAAC0800F9C87C /* Release */ = {
			isa = XCBuildConfiguration;
			buildSettings = {
				ALWAYS_SEARCH_USER_PATHS = NO;
				CLANG_CXX_LANGUAGE_STANDARD = "gnu++0x";
				CLANG_CXX_LIBRARY = "libc++";
				CLANG_ENABLE_MODULES = YES;
				CLANG_ENABLE_OBJC_ARC = YES;
				CLANG_WARN_BOOL_CONVERSION = YES;
				CLANG_WARN_CONSTANT_CONVERSION = YES;
				CLANG_WARN_DIRECT_OBJC_ISA_USAGE = YES_ERROR;
				CLANG_WARN_EMPTY_BODY = YES;
				CLANG_WARN_ENUM_CONVERSION = YES;
				CLANG_WARN_INT_CONVERSION = YES;
				CLANG_WARN_OBJC_ROOT_CLASS = YES_ERROR;
				CLANG_WARN_UNREACHABLE_CODE = YES;
				CLANG_WARN__DUPLICATE_METHOD_MATCH = YES;
				"CODE_SIGN_IDENTITY[sdk=iphoneos*]" = "iPhone Developer";
				COPY_PHASE_STRIP = NO;
				DEBUG_INFORMATION_FORMAT = "dwarf-with-dsym";
				ENABLE_NS_ASSERTIONS = NO;
				ENABLE_STRICT_OBJC_MSGSEND = YES;
				GCC_C_LANGUAGE_STANDARD = gnu99;
				GCC_NO_COMMON_BLOCKS = YES;
				GCC_WARN_64_TO_32_BIT_CONVERSION = YES;
				GCC_WARN_ABOUT_RETURN_TYPE = YES_ERROR;
				GCC_WARN_UNDECLARED_SELECTOR = YES;
				GCC_WARN_UNINITIALIZED_AUTOS = YES_AGGRESSIVE;
				GCC_WARN_UNUSED_FUNCTION = YES;
				GCC_WARN_UNUSED_VARIABLE = YES;
				IPHONEOS_DEPLOYMENT_TARGET = 9.0;
				MTL_ENABLE_DEBUG_INFO = NO;
				SDKROOT = iphoneos;
				VALIDATE_PRODUCT = YES;
			};
			name = Release;
		};
		D38B3BFA1BBAAC0800F9C87C /* Debug */ = {
			isa = XCBuildConfiguration;
			buildSettings = {
				ASSETCATALOG_COMPILER_APPICON_NAME = AppIcon;
				INFOPLIST_FILE = CryptoSwitfDemo/Info.plist;
				LD_RUNPATH_SEARCH_PATHS = "$(inherited) @executable_path/Frameworks";
				PRODUCT_BUNDLE_IDENTIFIER = si.goin.micro.CryptoSwitfDemo;
				PRODUCT_NAME = "$(TARGET_NAME)";
			};
			name = Debug;
		};
		D38B3BFB1BBAAC0800F9C87C /* Release */ = {
			isa = XCBuildConfiguration;
			buildSettings = {
				ASSETCATALOG_COMPILER_APPICON_NAME = AppIcon;
				INFOPLIST_FILE = CryptoSwitfDemo/Info.plist;
				LD_RUNPATH_SEARCH_PATHS = "$(inherited) @executable_path/Frameworks";
				PRODUCT_BUNDLE_IDENTIFIER = si.goin.micro.CryptoSwitfDemo;
				PRODUCT_NAME = "$(TARGET_NAME)";
			};
			name = Release;
		};
		D38B3BFD1BBAAC0800F9C87C /* Debug */ = {
			isa = XCBuildConfiguration;
			buildSettings = {
				BUNDLE_LOADER = "$(TEST_HOST)";
				INFOPLIST_FILE = CryptoSwitfDemoTests/Info.plist;
				LD_RUNPATH_SEARCH_PATHS = "$(inherited) @executable_path/Frameworks @loader_path/Frameworks";
				PRODUCT_BUNDLE_IDENTIFIER = si.goin.micro.CryptoSwitfDemoTests;
				PRODUCT_NAME = "$(TARGET_NAME)";
				TEST_HOST = "$(BUILT_PRODUCTS_DIR)/CryptoSwitfDemo.app/CryptoSwitfDemo";
			};
			name = Debug;
		};
		D38B3BFE1BBAAC0800F9C87C /* Release */ = {
			isa = XCBuildConfiguration;
			buildSettings = {
				BUNDLE_LOADER = "$(TEST_HOST)";
				INFOPLIST_FILE = CryptoSwitfDemoTests/Info.plist;
				LD_RUNPATH_SEARCH_PATHS = "$(inherited) @executable_path/Frameworks @loader_path/Frameworks";
				PRODUCT_BUNDLE_IDENTIFIER = si.goin.micro.CryptoSwitfDemoTests;
				PRODUCT_NAME = "$(TARGET_NAME)";
				TEST_HOST = "$(BUILT_PRODUCTS_DIR)/CryptoSwitfDemo.app/CryptoSwitfDemo";
			};
			name = Release;
		};
		D38B3C001BBAAC0800F9C87C /* Debug */ = {
			isa = XCBuildConfiguration;
			buildSettings = {
				INFOPLIST_FILE = CryptoSwitfDemoUITests/Info.plist;
				LD_RUNPATH_SEARCH_PATHS = "$(inherited) @executable_path/Frameworks @loader_path/Frameworks";
				PRODUCT_BUNDLE_IDENTIFIER = si.goin.micro.CryptoSwitfDemoUITests;
				PRODUCT_NAME = "$(TARGET_NAME)";
				TEST_TARGET_NAME = CryptoSwitfDemo;
				USES_XCTRUNNER = YES;
			};
			name = Debug;
		};
		D38B3C011BBAAC0800F9C87C /* Release */ = {
			isa = XCBuildConfiguration;
			buildSettings = {
				INFOPLIST_FILE = CryptoSwitfDemoUITests/Info.plist;
				LD_RUNPATH_SEARCH_PATHS = "$(inherited) @executable_path/Frameworks @loader_path/Frameworks";
				PRODUCT_BUNDLE_IDENTIFIER = si.goin.micro.CryptoSwitfDemoUITests;
				PRODUCT_NAME = "$(TARGET_NAME)";
				TEST_TARGET_NAME = CryptoSwitfDemo;
				USES_XCTRUNNER = YES;
			};
			name = Release;
		};
/* End XCBuildConfiguration section */

/* Begin XCConfigurationList section */
		D38B3BC91BBAAC0700F9C87C /* Build configuration list for PBXProject "CryptoSwitfDemo" */ = {
			isa = XCConfigurationList;
			buildConfigurations = (
				D38B3BF71BBAAC0800F9C87C /* Debug */,
				D38B3BF81BBAAC0800F9C87C /* Release */,
			);
			defaultConfigurationIsVisible = 0;
			defaultConfigurationName = Release;
		};
		D38B3BF91BBAAC0800F9C87C /* Build configuration list for PBXNativeTarget "CryptoSwitfDemo" */ = {
			isa = XCConfigurationList;
			buildConfigurations = (
				D38B3BFA1BBAAC0800F9C87C /* Debug */,
				D38B3BFB1BBAAC0800F9C87C /* Release */,
			);
			defaultConfigurationIsVisible = 0;
		};
		D38B3BFC1BBAAC0800F9C87C /* Build configuration list for PBXNativeTarget "CryptoSwitfDemoTests" */ = {
			isa = XCConfigurationList;
			buildConfigurations = (
				D38B3BFD1BBAAC0800F9C87C /* Debug */,
				D38B3BFE1BBAAC0800F9C87C /* Release */,
			);
			defaultConfigurationIsVisible = 0;
		};
		D38B3BFF1BBAAC0800F9C87C /* Build configuration list for PBXNativeTarget "CryptoSwitfDemoUITests" */ = {
			isa = XCConfigurationList;
			buildConfigurations = (
				D38B3C001BBAAC0800F9C87C /* Debug */,
				D38B3C011BBAAC0800F9C87C /* Release */,
			);
			defaultConfigurationIsVisible = 0;
		};
/* End XCConfigurationList section */

/* Begin XCVersionGroup section */
		D38B3BD81BBAAC0700F9C87C /* CryptoSwitfDemo.xcdatamodeld */ = {
			isa = XCVersionGroup;
			children = (
				D38B3BD91BBAAC0700F9C87C /* CryptoSwitfDemo.xcdatamodel */,
			);
			currentVersion = D38B3BD91BBAAC0700F9C87C /* CryptoSwitfDemo.xcdatamodel */;
			path = CryptoSwitfDemo.xcdatamodeld;
			sourceTree = "<group>";
			versionGroupType = wrapper.xcdatamodel;
		};
/* End XCVersionGroup section */
	};
	rootObject = D38B3BC61BBAAC0700F9C87C /* Project object */;
}
